
Microsoft Visual Studio Solution File, Format Version 12.00
# Visual Studio Version 17
VisualStudioVersion = 17.0.31919.166
MinimumVisualStudioVersion = 10.0.40219.1
Project("{FAE04EC0-301F-11D3-BF4B-00C04F79EFBC}") = "DZ 3.3", "DZ 3.3\DZ 3.3.csproj", "{48322B52-DF18-4A70-BEC2-21A80858A53C}"
EndProject
Global
	GlobalSection(SolutionConfigurationPlatforms) = preSolution
		Debug|Any CPU = Debug|Any CPU
		Release|Any CPU = Release|Any CPU
	EndGlobalSection
	GlobalSection(ProjectConfigurationPlatforms) = postSolution
		{48322B52-DF18-4A70-BEC2-21A80858A53C}.Debug|Any CPU.ActiveCfg = Debug|Any CPU
		{48322B52-DF18-4A70-BEC2-21A80858A53C}.Debug|Any CPU.Build.0 = Debug|Any CPU
		{48322B52-DF18-4A70-BEC2-21A80858A53C}.Release|Any CPU.ActiveCfg = Release|Any CPU
		{48322B52-DF18-4A70-BEC2-21A80858A53C}.Release|Any CPU.Build.0 = Release|Any CPU
	EndGlobalSection
	GlobalSection(SolutionProperties) = preSolution
		HideSolutionNode = FALSE
	EndGlobalSection
	GlobalSection(ExtensibilityGlobals) = postSolution
		SolutionGuid = {50536CB4-5289-44B8-A01F-845C6AC7C09C}
	EndGlobalSection
EndGlobal
