
Microsoft Visual Studio Solution File, Format Version 12.00
# Visual Studio Version 17
VisualStudioVersion = 17.0.31919.166
MinimumVisualStudioVersion = 10.0.40219.1
Project("{FAE04EC0-301F-11D3-BF4B-00C04F79EFBC}") = "DZ 3.1", "DZ 3.1\DZ 3.1.csproj", "{6DE416D7-675B-42AE-A4C9-67C9F1708431}"
EndProject
Global
	GlobalSection(SolutionConfigurationPlatforms) = preSolution
		Debug|Any CPU = Debug|Any CPU
		Release|Any CPU = Release|Any CPU
	EndGlobalSection
	GlobalSection(ProjectConfigurationPlatforms) = postSolution
		{6DE416D7-675B-42AE-A4C9-67C9F1708431}.Debug|Any CPU.ActiveCfg = Debug|Any CPU
		{6DE416D7-675B-42AE-A4C9-67C9F1708431}.Debug|Any CPU.Build.0 = Debug|Any CPU
		{6DE416D7-675B-42AE-A4C9-67C9F1708431}.Release|Any CPU.ActiveCfg = Release|Any CPU
		{6DE416D7-675B-42AE-A4C9-67C9F1708431}.Release|Any CPU.Build.0 = Release|Any CPU
	EndGlobalSection
	GlobalSection(SolutionProperties) = preSolution
		HideSolutionNode = FALSE
	EndGlobalSection
	GlobalSection(ExtensibilityGlobals) = postSolution
		SolutionGuid = {E583A42A-0674-40F2-A453-3D77C5C9E453}
	EndGlobalSection
EndGlobal
